
Microsoft Visual Studio Solution File, Format Version 12.00
# Visual Studio Version 17
VisualStudioVersion = 17.13.35919.96 d17.13
MinimumVisualStudioVersion = 10.0.40219.1
Project("{FAE04EC0-301F-11D3-BF4B-00C04F79EFBC}") = "sistema_de_reservas", "sistema_de_reservas\sistema_de_reservas.csproj", "{21F42DC1-4F02-43D2-847E-9930A91C0227}"
EndProject
Global
	GlobalSection(SolutionConfigurationPlatforms) = preSolution
		Debug|Any CPU = Debug|Any CPU
		Release|Any CPU = Release|Any CPU
	EndGlobalSection
	GlobalSection(ProjectConfigurationPlatforms) = postSolution
		{21F42DC1-4F02-43D2-847E-9930A91C0227}.Debug|Any CPU.ActiveCfg = Debug|Any CPU
		{21F42DC1-4F02-43D2-847E-9930A91C0227}.Debug|Any CPU.Build.0 = Debug|Any CPU
		{21F42DC1-4F02-43D2-847E-9930A91C0227}.Release|Any CPU.ActiveCfg = Release|Any CPU
		{21F42DC1-4F02-43D2-847E-9930A91C0227}.Release|Any CPU.Build.0 = Release|Any CPU
	EndGlobalSection
	GlobalSection(SolutionProperties) = preSolution
		HideSolutionNode = FALSE
	EndGlobalSection
	GlobalSection(ExtensibilityGlobals) = postSolution
		SolutionGuid = {ED4C2147-0960-492B-AE1B-7FDFE8EBBB0E}
	EndGlobalSection
EndGlobal
