
Microsoft Visual Studio Solution File, Format Version 12.00
# Visual Studio Version 17
VisualStudioVersion = 17.14.36623.8
MinimumVisualStudioVersion = 10.0.40219.1
Project("{FAE04EC0-301F-11D3-BF4B-00C04F79EFBC}") = "sistema_de_reservas", "sistema_de_facturacion\sistema_de_reservas.csproj", "{F42E5B9A-AE2E-4E22-954E-75BD29799E7C}"
EndProject
Global
	GlobalSection(SolutionConfigurationPlatforms) = preSolution
		Debug|Any CPU = Debug|Any CPU
		Release|Any CPU = Release|Any CPU
	EndGlobalSection
	GlobalSection(ProjectConfigurationPlatforms) = postSolution
		{F42E5B9A-AE2E-4E22-954E-75BD29799E7C}.Debug|Any CPU.ActiveCfg = Debug|Any CPU
		{F42E5B9A-AE2E-4E22-954E-75BD29799E7C}.Debug|Any CPU.Build.0 = Debug|Any CPU
		{F42E5B9A-AE2E-4E22-954E-75BD29799E7C}.Release|Any CPU.ActiveCfg = Release|Any CPU
		{F42E5B9A-AE2E-4E22-954E-75BD29799E7C}.Release|Any CPU.Build.0 = Release|Any CPU
	EndGlobalSection
	GlobalSection(SolutionProperties) = preSolution
		HideSolutionNode = FALSE
	EndGlobalSection
	GlobalSection(ExtensibilityGlobals) = postSolution
		SolutionGuid = {A0B3D088-F0A7-46E6-A7FB-EDC8BC203CFD}
	EndGlobalSection
EndGlobal
